
Microsoft Visual Studio Solution File, Format Version 12.00
# Visual Studio Version 16
VisualStudioVersion = 16.0.29326.143
MinimumVisualStudioVersion = 10.0.40219.1
Project("{FAE04EC0-301F-11D3-BF4B-00C04F79EFBC}") = "Oxide.Ext.NoSteam-Windows", "Oxide.Ext.NoSteam-Windows\Oxide.Ext.NoSteam-Windows.csproj", "{0F98BF62-AE33-4CB9-848F-E484A5D7CE63}"
EndProject
Project("{FAE04EC0-301F-11D3-BF4B-00C04F79EFBC}") = "Oxide.Plugins", "Plugins\Oxide.Plugins.csproj", "{CAE13537-5661-4660-9CEF-E865FA190C09}"
EndProject
Project("{FAE04EC0-301F-11D3-BF4B-00C04F79EFBC}") = "Oxide.Ext.NoSteam-Linux", "Oxide.Ext.NoSteam-Linux\Oxide.Ext.NoSteam-Linux.csproj", "{AC2E1A54-9FC8-4A08-82B0-AD462C65FCC9}"
EndProject
Project("{FAE04EC0-301F-11D3-BF4B-00C04F79EFBC}") = "ConsoleApp1", "ConsoleApp1\ConsoleApp1.csproj", "{5B74CE19-1F57-4D0B-9B54-B6590C55455F}"
EndProject
Global
	GlobalSection(SolutionConfigurationPlatforms) = preSolution
		Debug|Any CPU = Debug|Any CPU
		Debug|x64 = Debug|x64
		Release|Any CPU = Release|Any CPU
		Release|x64 = Release|x64
	EndGlobalSection
	GlobalSection(ProjectConfigurationPlatforms) = postSolution
		{0F98BF62-AE33-4CB9-848F-E484A5D7CE63}.Debug|Any CPU.ActiveCfg = Debug|Any CPU
		{0F98BF62-AE33-4CB9-848F-E484A5D7CE63}.Debug|Any CPU.Build.0 = Debug|Any CPU
		{0F98BF62-AE33-4CB9-848F-E484A5D7CE63}.Debug|x64.ActiveCfg = Debug|Any CPU
		{0F98BF62-AE33-4CB9-848F-E484A5D7CE63}.Debug|x64.Build.0 = Debug|Any CPU
		{0F98BF62-AE33-4CB9-848F-E484A5D7CE63}.Release|Any CPU.ActiveCfg = Release|Any CPU
		{0F98BF62-AE33-4CB9-848F-E484A5D7CE63}.Release|Any CPU.Build.0 = Release|Any CPU
		{0F98BF62-AE33-4CB9-848F-E484A5D7CE63}.Release|x64.ActiveCfg = Release|Any CPU
		{0F98BF62-AE33-4CB9-848F-E484A5D7CE63}.Release|x64.Build.0 = Release|Any CPU
		{CAE13537-5661-4660-9CEF-E865FA190C09}.Debug|Any CPU.ActiveCfg = Debug|Any CPU
		{CAE13537-5661-4660-9CEF-E865FA190C09}.Debug|Any CPU.Build.0 = Debug|Any CPU
		{CAE13537-5661-4660-9CEF-E865FA190C09}.Debug|x64.ActiveCfg = Debug|Any CPU
		{CAE13537-5661-4660-9CEF-E865FA190C09}.Debug|x64.Build.0 = Debug|Any CPU
		{CAE13537-5661-4660-9CEF-E865FA190C09}.Release|Any CPU.ActiveCfg = Release|Any CPU
		{CAE13537-5661-4660-9CEF-E865FA190C09}.Release|Any CPU.Build.0 = Release|Any CPU
		{CAE13537-5661-4660-9CEF-E865FA190C09}.Release|x64.ActiveCfg = Release|Any CPU
		{CAE13537-5661-4660-9CEF-E865FA190C09}.Release|x64.Build.0 = Release|Any CPU
		{AC2E1A54-9FC8-4A08-82B0-AD462C65FCC9}.Debug|Any CPU.ActiveCfg = Debug|Any CPU
		{AC2E1A54-9FC8-4A08-82B0-AD462C65FCC9}.Debug|Any CPU.Build.0 = Debug|Any CPU
		{AC2E1A54-9FC8-4A08-82B0-AD462C65FCC9}.Debug|x64.ActiveCfg = Debug|Any CPU
		{AC2E1A54-9FC8-4A08-82B0-AD462C65FCC9}.Debug|x64.Build.0 = Debug|Any CPU
		{AC2E1A54-9FC8-4A08-82B0-AD462C65FCC9}.Release|Any CPU.ActiveCfg = Release|Any CPU
		{AC2E1A54-9FC8-4A08-82B0-AD462C65FCC9}.Release|Any CPU.Build.0 = Release|Any CPU
		{AC2E1A54-9FC8-4A08-82B0-AD462C65FCC9}.Release|x64.ActiveCfg = Release|Any CPU
		{AC2E1A54-9FC8-4A08-82B0-AD462C65FCC9}.Release|x64.Build.0 = Release|Any CPU
		{5B74CE19-1F57-4D0B-9B54-B6590C55455F}.Debug|Any CPU.ActiveCfg = Debug|Any CPU
		{5B74CE19-1F57-4D0B-9B54-B6590C55455F}.Debug|Any CPU.Build.0 = Debug|Any CPU
		{5B74CE19-1F57-4D0B-9B54-B6590C55455F}.Debug|x64.ActiveCfg = Debug|Any CPU
		{5B74CE19-1F57-4D0B-9B54-B6590C55455F}.Debug|x64.Build.0 = Debug|Any CPU
		{5B74CE19-1F57-4D0B-9B54-B6590C55455F}.Release|Any CPU.ActiveCfg = Release|Any CPU
		{5B74CE19-1F57-4D0B-9B54-B6590C55455F}.Release|Any CPU.Build.0 = Release|Any CPU
		{5B74CE19-1F57-4D0B-9B54-B6590C55455F}.Release|x64.ActiveCfg = Release|Any CPU
		{5B74CE19-1F57-4D0B-9B54-B6590C55455F}.Release|x64.Build.0 = Release|Any CPU
	EndGlobalSection
	GlobalSection(SolutionProperties) = preSolution
		HideSolutionNode = FALSE
	EndGlobalSection
	GlobalSection(ExtensibilityGlobals) = postSolution
		SolutionGuid = {A68D2B4B-76C9-4DCC-848B-E266047F2F53}
	EndGlobalSection
EndGlobal
